<?xml version="1.0" encoding="utf-8"?>
<Project ToolsVersion="4.0" xmlns="http://schemas.microsoft.com/developer/msbuild/2003">
  <ItemGroup>
    <Filter Include="Source Files">
      <UniqueIdentifier>{4FC737F1-C7A5-4376-A066-2A32D752A2FF}</UniqueIdentifier>
      <Extensions>cpp;c;cc;cxx;c++;cppm;ixx;def;odl;idl;hpj;bat;asm;asmx</Extensions>
    </Filter>
    <Filter Include="Header Files">
      <UniqueIdentifier>{93995380-89BD-4b04-88EB-625FBE52EBFB}</UniqueIdentifier>
      <Extensions>h;hh;hpp;hxx;h++;hm;inl;inc;ipp;xsd</Extensions>
    </Filter>
    <Filter Include="Resource Files">
      <UniqueIdentifier>{67DA6AB6-F800-4c08-8B7A-83BB121AAD01}</UniqueIdentifier>
      <Extensions>rc;ico;cur;bmp;dlg;rc2;rct;bin;rgs;gif;jpg;jpeg;jpe;resx;tiff;tif;png;wav;mfcribbon-ms</Extensions>
    </Filter>
  </ItemGroup>
  <ItemGroup>
    <ClCompile Include="..\src\engine\am_draw.c">
      <Filter>Source Files</Filter>
    </ClCompile>
    <ClCompile Include="..\src\engine\am_map.c">
      <Filter>Source Files</Filter>
    </ClCompile>
    <ClCompile Include="..\src\engine\con_console.c">
      <Filter>Source Files</Filter>
    </ClCompile>
    <ClCompile Include="..\src\engine\con_cvar.c">
      <Filter>Source Files</Filter>
    </ClCompile>
    <ClCompile Include="..\src\engine\dgl.c">
      <Filter>Source Files</Filter>
    </ClCompile>
    <ClCompile Include="..\src\engine\d_devstat.c">
      <Filter>Source Files</Filter>
    </ClCompile>
    <ClCompile Include="..\src\engine\d_main.c">
      <Filter>Source Files</Filter>
    </ClCompile>
    <ClCompile Include="..\src\engine\d_net.c">
      <Filter>Source Files</Filter>
    </ClCompile>
    <ClCompile Include="..\src\engine\f_finale.c">
      <Filter>Source Files</Filter>
    </ClCompile>
    <ClCompile Include="..\src\engine\gl_draw.c">
      <Filter>Source Files</Filter>
    </ClCompile>
    <ClCompile Include="..\src\engine\gl_main.c">
      <Filter>Source Files</Filter>
    </ClCompile>
    <ClCompile Include="..\src\engine\gl_texture.c">
      <Filter>Source Files</Filter>
    </ClCompile>
    <ClCompile Include="..\src\engine\g_actions.c">
      <Filter>Source Files</Filter>
    </ClCompile>
    <ClCompile Include="..\src\engine\g_demo.c">
      <Filter>Source Files</Filter>
    </ClCompile>
    <ClCompile Include="..\src\engine\g_game.c">
      <Filter>Source Files</Filter>
    </ClCompile>
    <ClCompile Include="..\src\engine\g_settings.c">
      <Filter>Source Files</Filter>
    </ClCompile>
    <ClCompile Include="..\src\engine\info.c">
      <Filter>Source Files</Filter>
    </ClCompile>
    <ClCompile Include="..\src\engine\in_stuff.c">
      <Filter>Source Files</Filter>
    </ClCompile>
    <ClCompile Include="..\src\engine\i_audio.c">
      <Filter>Source Files</Filter>
    </ClCompile>
    <ClCompile Include="..\src\engine\i_main.c">
      <Filter>Source Files</Filter>
    </ClCompile>
    <ClCompile Include="..\src\engine\i_png.c">
      <Filter>Source Files</Filter>
    </ClCompile>
    <ClCompile Include="..\src\engine\i_system.c">
      <Filter>Source Files</Filter>
    </ClCompile>
    <ClCompile Include="..\src\engine\i_video.c">
      <Filter>Source Files</Filter>
    </ClCompile>
    <ClCompile Include="..\src\engine\i_xinput.c">
      <Filter>Source Files</Filter>
    </ClCompile>
    <ClCompile Include="..\src\engine\md5.c">
      <Filter>Source Files</Filter>
    </ClCompile>
    <ClCompile Include="..\src\engine\m_cheat.c">
      <Filter>Source Files</Filter>
    </ClCompile>
    <ClCompile Include="..\src\engine\m_fixed.c">
      <Filter>Source Files</Filter>
    </ClCompile>
    <ClCompile Include="..\src\engine\m_keys.c">
      <Filter>Source Files</Filter>
    </ClCompile>
    <ClCompile Include="..\src\engine\m_menu.c">
      <Filter>Source Files</Filter>
    </ClCompile>
    <ClCompile Include="..\src\engine\m_misc.c">
      <Filter>Source Files</Filter>
    </ClCompile>
    <ClCompile Include="..\src\engine\m_password.c">
      <Filter>Source Files</Filter>
    </ClCompile>
    <ClCompile Include="..\src\engine\m_random.c">
      <Filter>Source Files</Filter>
    </ClCompile>
    <ClCompile Include="..\src\engine\m_shift.c">
      <Filter>Source Files</Filter>
    </ClCompile>
    <ClCompile Include="..\src\engine\net_client.c">
      <Filter>Source Files</Filter>
    </ClCompile>
    <ClCompile Include="..\src\engine\net_common.c">
      <Filter>Source Files</Filter>
    </ClCompile>
    <ClCompile Include="..\src\engine\net_dedicated.c">
      <Filter>Source Files</Filter>
    </ClCompile>
    <ClCompile Include="..\src\engine\net_io.c">
      <Filter>Source Files</Filter>
    </ClCompile>
    <ClCompile Include="..\src\engine\net_loop.c">
      <Filter>Source Files</Filter>
    </ClCompile>
    <ClCompile Include="..\src\engine\net_packet.c">
      <Filter>Source Files</Filter>
    </ClCompile>
    <ClCompile Include="..\src\engine\net_query.c">
      <Filter>Source Files</Filter>
    </ClCompile>
    <ClCompile Include="..\src\engine\net_server.c">
      <Filter>Source Files</Filter>
    </ClCompile>
    <ClCompile Include="..\src\engine\net_structrw.c">
      <Filter>Source Files</Filter>
    </ClCompile>
    <ClCompile Include="..\src\engine\p_ceilng.c">
      <Filter>Source Files</Filter>
    </ClCompile>
    <ClCompile Include="..\src\engine\p_doors.c">
      <Filter>Source Files</Filter>
    </ClCompile>
    <ClCompile Include="..\src\engine\p_enemy.c">
      <Filter>Source Files</Filter>
    </ClCompile>
    <ClCompile Include="..\src\engine\p_floor.c">
      <Filter>Source Files</Filter>
    </ClCompile>
    <ClCompile Include="..\src\engine\p_inter.c">
      <Filter>Source Files</Filter>
    </ClCompile>
    <ClCompile Include="..\src\engine\p_lights.c">
      <Filter>Source Files</Filter>
    </ClCompile>
    <ClCompile Include="..\src\engine\p_macros.c">
      <Filter>Source Files</Filter>
    </ClCompile>
    <ClCompile Include="..\src\engine\p_map.c">
      <Filter>Source Files</Filter>
    </ClCompile>
    <ClCompile Include="..\src\engine\p_maputl.c">
      <Filter>Source Files</Filter>
    </ClCompile>
    <ClCompile Include="..\src\engine\p_mobj.c">
      <Filter>Source Files</Filter>
    </ClCompile>
    <ClCompile Include="..\src\engine\p_plats.c">
      <Filter>Source Files</Filter>
    </ClCompile>
    <ClCompile Include="..\src\engine\p_pspr.c">
      <Filter>Source Files</Filter>
    </ClCompile>
    <ClCompile Include="..\src\engine\p_saveg.c">
      <Filter>Source Files</Filter>
    </ClCompile>
    <ClCompile Include="..\src\engine\p_setup.c">
      <Filter>Source Files</Filter>
    </ClCompile>
    <ClCompile Include="..\src\engine\p_sight.c">
      <Filter>Source Files</Filter>
    </ClCompile>
    <ClCompile Include="..\src\engine\p_spec.c">
      <Filter>Source Files</Filter>
    </ClCompile>
    <ClCompile Include="..\src\engine\p_switch.c">
      <Filter>Source Files</Filter>
    </ClCompile>
    <ClCompile Include="..\src\engine\p_telept.c">
      <Filter>Source Files</Filter>
    </ClCompile>
    <ClCompile Include="..\src\engine\p_tick.c">
      <Filter>Source Files</Filter>
    </ClCompile>
    <ClCompile Include="..\src\engine\p_user.c">
      <Filter>Source Files</Filter>
    </ClCompile>
    <ClCompile Include="..\src\engine\r_bsp.c">
      <Filter>Source Files</Filter>
    </ClCompile>
    <ClCompile Include="..\src\engine\r_clipper.c">
      <Filter>Source Files</Filter>
    </ClCompile>
    <ClCompile Include="..\src\engine\r_drawlist.c">
      <Filter>Source Files</Filter>
    </ClCompile>
    <ClCompile Include="..\src\engine\r_lights.c">
      <Filter>Source Files</Filter>
    </ClCompile>
    <ClCompile Include="..\src\engine\r_main.c">
      <Filter>Source Files</Filter>
    </ClCompile>
    <ClCompile Include="..\src\engine\r_scene.c">
      <Filter>Source Files</Filter>
    </ClCompile>
    <ClCompile Include="..\src\engine\r_sky.c">
      <Filter>Source Files</Filter>
    </ClCompile>
    <ClCompile Include="..\src\engine\r_things.c">
      <Filter>Source Files</Filter>
    </ClCompile>
    <ClCompile Include="..\src\engine\r_wipe.c">
      <Filter>Source Files</Filter>
    </ClCompile>
    <ClCompile Include="..\src\engine\sc_main.c">
      <Filter>Source Files</Filter>
    </ClCompile>
    <ClCompile Include="..\src\engine\st_stuff.c">
      <Filter>Source Files</Filter>
    </ClCompile>
    <ClCompile Include="..\src\engine\s_sound.c">
      <Filter>Source Files</Filter>
    </ClCompile>
    <ClCompile Include="..\src\engine\tables.c">
      <Filter>Source Files</Filter>
    </ClCompile>
    <ClCompile Include="..\src\engine\wi_stuff.c">
      <Filter>Source Files</Filter>
    </ClCompile>
    <ClCompile Include="..\src\engine\w_file.c">
      <Filter>Source Files</Filter>
    </ClCompile>
    <ClCompile Include="..\src\engine\w_merge.c">
      <Filter>Source Files</Filter>
    </ClCompile>
    <ClCompile Include="..\src\engine\w_wad.c">
      <Filter>Source Files</Filter>
    </ClCompile>
    <ClCompile Include="..\src\engine\z_zone.c">
      <Filter>Source Files</Filter>
    </ClCompile>
  </ItemGroup>
  <ItemGroup>
    <ClInclude Include="..\src\engine\dgl.h">
      <Filter>Header Files</Filter>
    </ClInclude>
    <ClInclude Include="..\src\engine\doomdata.h">
      <Filter>Header Files</Filter>
    </ClInclude>
    <ClInclude Include="..\src\engine\doomdef.h">
      <Filter>Header Files</Filter>
    </ClInclude>
    <ClInclude Include="..\src\engine\doomstat.h">
      <Filter>Header Files</Filter>
    </ClInclude>
    <ClInclude Include="..\src\engine\doomtype.h">
      <Filter>Header Files</Filter>
    </ClInclude>
    <ClInclude Include="..\src\engine\d_think.h">
      <Filter>Header Files</Filter>
    </ClInclude>
    <ClInclude Include="..\src\engine\d_ticcmd.h">
      <Filter>Header Files</Filter>
    </ClInclude>
    <ClInclude Include="..\src\engine\f_finale.h">
      <Filter>Header Files</Filter>
    </ClInclude>
    <ClInclude Include="..\src\engine\gl_draw.h">
      <Filter>Header Files</Filter>
    </ClInclude>
    <ClInclude Include="..\src\engine\gl_main.h">
      <Filter>Header Files</Filter>
    </ClInclude>
    <ClInclude Include="..\src\engine\gl_texture.h">
      <Filter>Header Files</Filter>
    </ClInclude>
    <ClInclude Include="..\src\engine\g_actions.h">
      <Filter>Header Files</Filter>
    </ClInclude>
    <ClInclude Include="..\src\engine\g_controls.h">
      <Filter>Header Files</Filter>
    </ClInclude>
    <ClInclude Include="..\src\engine\g_demo.h">
      <Filter>Header Files</Filter>
    </ClInclude>
    <ClInclude Include="..\src\engine\g_game.h">
      <Filter>Header Files</Filter>
    </ClInclude>
    <ClInclude Include="..\src\engine\g_local.h">
      <Filter>Header Files</Filter>
    </ClInclude>
    <ClInclude Include="..\src\engine\g_settings.h">
      <Filter>Header Files</Filter>
    </ClInclude>
    <ClInclude Include="..\src\engine\info.h">
      <Filter>Header Files</Filter>
    </ClInclude>
    <ClInclude Include="..\src\engine\i_audio.h">
      <Filter>Header Files</Filter>
    </ClInclude>
    <ClInclude Include="..\src\engine\i_opndir.h">
      <Filter>Header Files</Filter>
    </ClInclude>
    <ClInclude Include="..\src\engine\i_png.h">
      <Filter>Header Files</Filter>
    </ClInclude>
    <ClInclude Include="..\src\engine\i_swap.h">
      <Filter>Header Files</Filter>
    </ClInclude>
    <ClInclude Include="..\src\engine\i_system.h">
      <Filter>Header Files</Filter>
    </ClInclude>
    <ClInclude Include="..\src\engine\i_video.h">
      <Filter>Header Files</Filter>
    </ClInclude>
    <ClInclude Include="..\src\engine\i_xinput.h">
      <Filter>Header Files</Filter>
    </ClInclude>
    <ClInclude Include="..\src\engine\md5.h">
      <Filter>Header Files</Filter>
    </ClInclude>
    <ClInclude Include="..\src\engine\m_cheat.h">
      <Filter>Header Files</Filter>
    </ClInclude>
    <ClInclude Include="..\src\engine\m_fixed.h">
      <Filter>Header Files</Filter>
    </ClInclude>
    <ClInclude Include="..\src\engine\m_keys.h">
      <Filter>Header Files</Filter>
    </ClInclude>
    <ClInclude Include="..\src\engine\m_menu.h">
      <Filter>Header Files</Filter>
    </ClInclude>
    <ClInclude Include="..\src\engine\m_misc.h">
      <Filter>Header Files</Filter>
    </ClInclude>
    <ClInclude Include="..\src\engine\m_password.h">
      <Filter>Header Files</Filter>
    </ClInclude>
    <ClInclude Include="..\src\engine\m_random.h">
      <Filter>Header Files</Filter>
    </ClInclude>
    <ClInclude Include="..\src\engine\m_shift.h">
      <Filter>Header Files</Filter>
    </ClInclude>
    <ClInclude Include="..\src\engine\net_client.h">
      <Filter>Header Files</Filter>
    </ClInclude>
    <ClInclude Include="..\src\engine\net_common.h">
      <Filter>Header Files</Filter>
    </ClInclude>
    <ClInclude Include="..\src\engine\net_dedicated.h">
      <Filter>Header Files</Filter>
    </ClInclude>
    <ClInclude Include="..\src\engine\net_defs.h">
      <Filter>Header Files</Filter>
    </ClInclude>
    <ClInclude Include="..\src\engine\net_io.h">
      <Filter>Header Files</Filter>
    </ClInclude>
    <ClInclude Include="..\src\engine\net_loop.h">
      <Filter>Header Files</Filter>
    </ClInclude>
    <ClInclude Include="..\src\engine\net_packet.h">
      <Filter>Header Files</Filter>
    </ClInclude>
    <ClInclude Include="..\src\engine\net_query.h">
      <Filter>Header Files</Filter>
    </ClInclude>
    <ClInclude Include="..\src\engine\net_server.h">
      <Filter>Header Files</Filter>
    </ClInclude>
    <ClInclude Include="..\src\engine\net_structrw.h">
      <Filter>Header Files</Filter>
    </ClInclude>
    <ClInclude Include="..\src\engine\psnprntf.h">
      <Filter>Header Files</Filter>
    </ClInclude>
    <ClInclude Include="..\src\engine\p_inter.h">
      <Filter>Header Files</Filter>
    </ClInclude>
    <ClInclude Include="..\src\engine\p_local.h">
      <Filter>Header Files</Filter>
    </ClInclude>
    <ClInclude Include="..\src\engine\p_macros.h">
      <Filter>Header Files</Filter>
    </ClInclude>
    <ClInclude Include="..\src\engine\p_mobj.h">
      <Filter>Header Files</Filter>
    </ClInclude>
    <ClInclude Include="..\src\engine\p_pspr.h">
      <Filter>Header Files</Filter>
    </ClInclude>
    <ClInclude Include="..\src\engine\p_saveg.h">
      <Filter>Header Files</Filter>
    </ClInclude>
    <ClInclude Include="..\src\engine\p_setup.h">
      <Filter>Header Files</Filter>
    </ClInclude>
    <ClInclude Include="..\src\engine\p_spec.h">
      <Filter>Header Files</Filter>
    </ClInclude>
    <ClInclude Include="..\src\engine\p_tick.h">
      <Filter>Header Files</Filter>
    </ClInclude>
    <ClInclude Include="..\src\engine\resource.h">
      <Filter>Header Files</Filter>
    </ClInclude>
    <ClInclude Include="..\src\engine\r_clipper.h">
      <Filter>Header Files</Filter>
    </ClInclude>
    <ClInclude Include="..\src\engine\r_drawlist.h">
      <Filter>Header Files</Filter>
    </ClInclude>
    <ClInclude Include="..\src\engine\r_lights.h">
      <Filter>Header Files</Filter>
    </ClInclude>
    <ClInclude Include="..\src\engine\r_local.h">
      <Filter>Header Files</Filter>
    </ClInclude>
    <ClInclude Include="..\src\engine\r_main.h">
      <Filter>Header Files</Filter>
    </ClInclude>
    <ClInclude Include="..\src\engine\r_sky.h">
      <Filter>Header Files</Filter>
    </ClInclude>
    <ClInclude Include="..\src\engine\r_things.h">
      <Filter>Header Files</Filter>
    </ClInclude>
    <ClInclude Include="..\src\engine\r_wipe.h">
      <Filter>Header Files</Filter>
    </ClInclude>
    <ClInclude Include="..\src\engine\sc_main.h">
      <Filter>Header Files</Filter>
    </ClInclude>
    <ClInclude Include="..\src\engine\sounds.h">
      <Filter>Header Files</Filter>
    </ClInclude>
    <ClInclude Include="..\src\engine\st_stuff.h">
      <Filter>Header Files</Filter>
    </ClInclude>
    <ClInclude Include="..\src\engine\s_sound.h">
      <Filter>Header Files</Filter>
    </ClInclude>
    <ClInclude Include="..\src\engine\tables.h">
      <Filter>Header Files</Filter>
    </ClInclude>
    <ClInclude Include="..\src\engine\t_bsp.h">
      <Filter>Header Files</Filter>
    </ClInclude>
    <ClInclude Include="..\src\engine\wi_stuff.h">
      <Filter>Header Files</Filter>
    </ClInclude>
    <ClInclude Include="..\src\engine\w_file.h">
      <Filter>Header Files</Filter>
    </ClInclude>
    <ClInclude Include="..\src\engine\w_merge.h">
      <Filter>Header Files</Filter>
    </ClInclude>
    <ClInclude Include="..\src\engine\w_wad.h">
      <Filter>Header Files</Filter>
    </ClInclude>
    <ClInclude Include="..\src\engine\z_zone.h">
      <Filter>Header Files</Filter>
    </ClInclude>
  </ItemGroup>
  <ItemGroup>
    <Image Include="..\src\engine\doom64ex-plus.ico">
      <Filter>Resource Files</Filter>
    </Image>
  </ItemGroup>
  <ItemGroup>
    <ResourceCompile Include="..\src\engine\doom64ex-plus.rc">
      <Filter>Resource Files</Filter>
    </ResourceCompile>
  </ItemGroup>
</Project>