<?xml version="1.0" encoding="utf-8"?>
<Project ToolsVersion="4.0" xmlns="http://schemas.microsoft.com/developer/msbuild/2003">
  <ItemGroup>
    <ClCompile Include="analyze.c" />
    <ClCompile Include="blockmap.c" />
    <ClCompile Include="display.c" />
    <ClCompile Include="glbsp.c" />
    <ClCompile Include="level.c" />
    <ClCompile Include="main.c" />
    <ClCompile Include="node.c" />
    <ClCompile Include="reject.c" />
    <ClCompile Include="seg.c" />
    <ClCompile Include="system.c" />
    <ClCompile Include="util.c" />
    <ClCompile Include="wad.c" />
  </ItemGroup>
  <ItemGroup>
    <ClInclude Include="analyze.h" />
    <ClInclude Include="blockmap.h" />
    <ClInclude Include="display.h" />
    <ClInclude Include="glbsp.h" />
    <ClInclude Include="level.h" />
    <ClInclude Include="node.h" />
    <ClInclude Include="reject.h" />
    <ClInclude Include="seg.h" />
    <ClInclude Include="structs.h" />
    <ClInclude Include="system.h" />
    <ClInclude Include="util.h" />
    <ClInclude Include="wad.h" />
  </ItemGroup>
</Project>