<?xml version="1.0" encoding="utf-8"?>
<Project ToolsVersion="4.0" xmlns="http://schemas.microsoft.com/developer/msbuild/2003">
  <ItemGroup>
    <ClCompile Include="..\..\src\deflate-N64.c">
      <Filter>src</Filter>
    </ClCompile>
    <ClCompile Include="..\..\src\files.c">
      <Filter>src</Filter>
    </ClCompile>
    <ClCompile Include="..\..\src\gfx.c">
      <Filter>src</Filter>
    </ClCompile>
    <ClCompile Include="..\..\src\level.c">
      <Filter>src</Filter>
    </ClCompile>
    <ClCompile Include="..\..\src\MD5.c">
      <Filter>src</Filter>
    </ClCompile>
    <ClCompile Include="..\..\src\mem.c">
      <Filter>src</Filter>
    </ClCompile>
    <ClCompile Include="..\..\src\png.c">
      <Filter>src</Filter>
    </ClCompile>
    <ClCompile Include="..\..\src\rom.c">
      <Filter>src</Filter>
    </ClCompile>
    <ClCompile Include="..\..\src\sndfont.c">
      <Filter>src</Filter>
    </ClCompile>
    <ClCompile Include="..\..\src\sound.c">
      <Filter>src</Filter>
    </ClCompile>
    <ClCompile Include="..\..\src\sprite.c">
      <Filter>src</Filter>
    </ClCompile>
    <ClCompile Include="..\..\src\texture.c">
      <Filter>src</Filter>
    </ClCompile>
    <ClCompile Include="..\..\src\wad.c">
      <Filter>src</Filter>
    </ClCompile>
    <ClCompile Include="..\..\src\wadgen.c">
      <Filter>src</Filter>
    </ClCompile>
  </ItemGroup>
  <ItemGroup>
    <ClInclude Include="..\..\src\deflate-N64.h">
      <Filter>src</Filter>
    </ClInclude>
    <ClInclude Include="..\..\src\files.h">
      <Filter>src</Filter>
    </ClInclude>
    <ClInclude Include="..\..\src\gfx.h">
      <Filter>src</Filter>
    </ClInclude>
    <ClInclude Include="..\..\src\level.h">
      <Filter>src</Filter>
    </ClInclude>
    <ClInclude Include="..\..\src\MD5.h">
      <Filter>src</Filter>
    </ClInclude>
    <ClInclude Include="..\..\src\mem.h">
      <Filter>src</Filter>
    </ClInclude>
    <ClInclude Include="..\..\src\rom.h">
      <Filter>src</Filter>
    </ClInclude>
    <ClInclude Include="..\..\src\sndfont.h">
      <Filter>src</Filter>
    </ClInclude>
    <ClInclude Include="..\..\src\sound.h">
      <Filter>src</Filter>
    </ClInclude>
    <ClInclude Include="..\..\src\sprite.h">
      <Filter>src</Filter>
    </ClInclude>
    <ClInclude Include="..\..\src\texture.h">
      <Filter>src</Filter>
    </ClInclude>
    <ClInclude Include="..\..\src\wad.h">
      <Filter>src</Filter>
    </ClInclude>
    <ClInclude Include="..\..\src\wadgen.h">
      <Filter>src</Filter>
    </ClInclude>
  </ItemGroup>
  <ItemGroup>
    <Filter Include="src">
      <UniqueIdentifier>{4d03a539-4df1-4a89-98dd-fd68f9351af4}</UniqueIdentifier>
    </Filter>
  </ItemGroup>
</Project>